
Microsoft Visual Studio Solution File, Format Version 12.00
# Visual Studio Version 16
VisualStudioVersion = 16.0.29424.173
MinimumVisualStudioVersion = 10.0.40219.1
Project("{9A19103F-16F7-4668-BE54-9A1E7A4F7556}") = "ContosoUniversity", "ContosoUniversity\ContosoUniversity.csproj", "{DDBC05AD-34FD-43B7-B0D1-45819DEC4AA1}"
EndProject
Project("{9A19103F-16F7-4668-BE54-9A1E7A4F7556}") = "ContosoUniversity.IntegrationTests", "ContosoUniversity.IntegrationTests\ContosoUniversity.IntegrationTests.csproj", "{70FF0FF8-4876-4A7A-AE4A-53C92A2C1531}"
EndProject
Project("{2150E333-8FDC-42A3-9474-1A3956D46DE8}") = "Solution Items", "Solution Items", "{13186C93-7307-4FEA-A17C-4556F54FF5F1}"
	ProjectSection(SolutionItems) = preProject
		.gitattributes = .gitattributes
		.gitignore = .gitignore
		Directory.Build.props = Directory.Build.props
		LICENSE = LICENSE
		psake-build-helpers.ps1 = psake-build-helpers.ps1
		psake.cmd = psake.cmd
		psake.sh = psake.sh
		psakefile.ps1 = psakefile.ps1
		README.md = README.md
		setup.cmd = setup.cmd
		setup.ps1 = setup.ps1
		setup.sh = setup.sh
	EndProjectSection
EndProject
Project("{2150E333-8FDC-42A3-9474-1A3956D46DE8}") = "workflows", "workflows", "{3CC83AD8-1CC5-4783-BA58-001898EB1CC2}"
	ProjectSection(SolutionItems) = preProject
		.github\workflows\main.yaml = .github\workflows\main.yaml
	EndProjectSection
EndProject
Global
	GlobalSection(SolutionConfigurationPlatforms) = preSolution
		Debug|Any CPU = Debug|Any CPU
		Release|Any CPU = Release|Any CPU
	EndGlobalSection
	GlobalSection(ProjectConfigurationPlatforms) = postSolution
		{DDBC05AD-34FD-43B7-B0D1-45819DEC4AA1}.Debug|Any CPU.ActiveCfg = Debug|Any CPU
		{DDBC05AD-34FD-43B7-B0D1-45819DEC4AA1}.Debug|Any CPU.Build.0 = Debug|Any CPU
		{DDBC05AD-34FD-43B7-B0D1-45819DEC4AA1}.Release|Any CPU.ActiveCfg = Release|Any CPU
		{DDBC05AD-34FD-43B7-B0D1-45819DEC4AA1}.Release|Any CPU.Build.0 = Release|Any CPU
		{70FF0FF8-4876-4A7A-AE4A-53C92A2C1531}.Debug|Any CPU.ActiveCfg = Debug|Any CPU
		{70FF0FF8-4876-4A7A-AE4A-53C92A2C1531}.Debug|Any CPU.Build.0 = Debug|Any CPU
		{70FF0FF8-4876-4A7A-AE4A-53C92A2C1531}.Release|Any CPU.ActiveCfg = Release|Any CPU
		{70FF0FF8-4876-4A7A-AE4A-53C92A2C1531}.Release|Any CPU.Build.0 = Release|Any CPU
	EndGlobalSection
	GlobalSection(SolutionProperties) = preSolution
		HideSolutionNode = FALSE
	EndGlobalSection
	GlobalSection(NestedProjects) = preSolution
		{3CC83AD8-1CC5-4783-BA58-001898EB1CC2} = {13186C93-7307-4FEA-A17C-4556F54FF5F1}
	EndGlobalSection
	GlobalSection(ExtensibilityGlobals) = postSolution
		SolutionGuid = {C21030AE-F720-490E-BC96-D0B38EF8C332}
	EndGlobalSection
EndGlobal
